
Microsoft Visual Studio Solution File, Format Version 12.00
Project("{FAE04EC0-301F-11D3-BF4B-00C04F79EFBC}") = "CatchTheFlow", "CatchTheFlow\CatchTheFlow.csproj", "{C795C6C9-563C-431B-96FC-330C218A955B}"
EndProject
Project("{2150E333-8FDC-42A3-9474-1A3956D46DE8}") = "Sound", "Sound", "{C02CF756-D741-43F9-A7DA-DAB9793449B1}"
EndProject
Project("{FAE04EC0-301F-11D3-BF4B-00C04F79EFBC}") = "Sound.Infrastructure", "Sound\Sound.Infrastructure\Sound.Infrastructure.csproj", "{4FA639AB-2AFB-4389-85C8-28D948B70C1A}"
EndProject
Project("{FAE04EC0-301F-11D3-BF4B-00C04F79EFBC}") = "Sound.Tests", "Sound\Sound.Tests\Sound.Tests.csproj", "{086E4500-0865-4C50-A7EC-21F1C63EF8B9}"
EndProject
Project("{FAE04EC0-301F-11D3-BF4B-00C04F79EFBC}") = "EventBus", "EventBus\EventBus\EventBus.csproj", "{B2A273C5-3DBC-40BF-A1A6-361A920E3F05}"
EndProject
Project("{FAE04EC0-301F-11D3-BF4B-00C04F79EFBC}") = "Sound.Application", "Sound\Sound.Application\Sound.Application.csproj", "{3C9D3D5A-E130-4DFF-BAF3-60BFB6F071E0}"
EndProject
Project("{FAE04EC0-301F-11D3-BF4B-00C04F79EFBC}") = "Sound.Core", "Sound\Sound.Core\Sound.Core.csproj", "{7AEDB1FA-3401-4829-89FE-006868D02D93}"
EndProject
Project("{FAE04EC0-301F-11D3-BF4B-00C04F79EFBC}") = "Sandbox", "Sandbox\Sandbox.csproj", "{9ED88D87-D667-49B9-8CE0-1A50EF5E9551}"
EndProject
Global
	GlobalSection(SolutionConfigurationPlatforms) = preSolution
		Debug|Any CPU = Debug|Any CPU
		Release|Any CPU = Release|Any CPU
	EndGlobalSection
	GlobalSection(ProjectConfigurationPlatforms) = postSolution
		{C795C6C9-563C-431B-96FC-330C218A955B}.Debug|Any CPU.ActiveCfg = Debug|Any CPU
		{C795C6C9-563C-431B-96FC-330C218A955B}.Debug|Any CPU.Build.0 = Debug|Any CPU
		{C795C6C9-563C-431B-96FC-330C218A955B}.Release|Any CPU.ActiveCfg = Release|Any CPU
		{C795C6C9-563C-431B-96FC-330C218A955B}.Release|Any CPU.Build.0 = Release|Any CPU
		{4FA639AB-2AFB-4389-85C8-28D948B70C1A}.Debug|Any CPU.ActiveCfg = Debug|Any CPU
		{4FA639AB-2AFB-4389-85C8-28D948B70C1A}.Debug|Any CPU.Build.0 = Debug|Any CPU
		{4FA639AB-2AFB-4389-85C8-28D948B70C1A}.Release|Any CPU.ActiveCfg = Release|Any CPU
		{4FA639AB-2AFB-4389-85C8-28D948B70C1A}.Release|Any CPU.Build.0 = Release|Any CPU
		{086E4500-0865-4C50-A7EC-21F1C63EF8B9}.Debug|Any CPU.ActiveCfg = Debug|Any CPU
		{086E4500-0865-4C50-A7EC-21F1C63EF8B9}.Debug|Any CPU.Build.0 = Debug|Any CPU
		{086E4500-0865-4C50-A7EC-21F1C63EF8B9}.Release|Any CPU.ActiveCfg = Release|Any CPU
		{086E4500-0865-4C50-A7EC-21F1C63EF8B9}.Release|Any CPU.Build.0 = Release|Any CPU
		{B2A273C5-3DBC-40BF-A1A6-361A920E3F05}.Debug|Any CPU.ActiveCfg = Debug|Any CPU
		{B2A273C5-3DBC-40BF-A1A6-361A920E3F05}.Debug|Any CPU.Build.0 = Debug|Any CPU
		{B2A273C5-3DBC-40BF-A1A6-361A920E3F05}.Release|Any CPU.ActiveCfg = Release|Any CPU
		{B2A273C5-3DBC-40BF-A1A6-361A920E3F05}.Release|Any CPU.Build.0 = Release|Any CPU
		{3C9D3D5A-E130-4DFF-BAF3-60BFB6F071E0}.Debug|Any CPU.ActiveCfg = Debug|Any CPU
		{3C9D3D5A-E130-4DFF-BAF3-60BFB6F071E0}.Debug|Any CPU.Build.0 = Debug|Any CPU
		{3C9D3D5A-E130-4DFF-BAF3-60BFB6F071E0}.Release|Any CPU.ActiveCfg = Release|Any CPU
		{3C9D3D5A-E130-4DFF-BAF3-60BFB6F071E0}.Release|Any CPU.Build.0 = Release|Any CPU
		{7AEDB1FA-3401-4829-89FE-006868D02D93}.Debug|Any CPU.ActiveCfg = Debug|Any CPU
		{7AEDB1FA-3401-4829-89FE-006868D02D93}.Debug|Any CPU.Build.0 = Debug|Any CPU
		{7AEDB1FA-3401-4829-89FE-006868D02D93}.Release|Any CPU.ActiveCfg = Release|Any CPU
		{7AEDB1FA-3401-4829-89FE-006868D02D93}.Release|Any CPU.Build.0 = Release|Any CPU
		{9ED88D87-D667-49B9-8CE0-1A50EF5E9551}.Debug|Any CPU.ActiveCfg = Debug|Any CPU
		{9ED88D87-D667-49B9-8CE0-1A50EF5E9551}.Debug|Any CPU.Build.0 = Debug|Any CPU
		{9ED88D87-D667-49B9-8CE0-1A50EF5E9551}.Release|Any CPU.ActiveCfg = Release|Any CPU
		{9ED88D87-D667-49B9-8CE0-1A50EF5E9551}.Release|Any CPU.Build.0 = Release|Any CPU
	EndGlobalSection
	GlobalSection(NestedProjects) = preSolution
		{4FA639AB-2AFB-4389-85C8-28D948B70C1A} = {C02CF756-D741-43F9-A7DA-DAB9793449B1}
		{086E4500-0865-4C50-A7EC-21F1C63EF8B9} = {C02CF756-D741-43F9-A7DA-DAB9793449B1}
		{3C9D3D5A-E130-4DFF-BAF3-60BFB6F071E0} = {C02CF756-D741-43F9-A7DA-DAB9793449B1}
		{7AEDB1FA-3401-4829-89FE-006868D02D93} = {C02CF756-D741-43F9-A7DA-DAB9793449B1}
	EndGlobalSection
EndGlobal
