
Microsoft Visual Studio Solution File, Format Version 12.00
Project("{FAE04EC0-301F-11D3-BF4B-00C04F79EFBC}") = "CatchTheFlow", "CatchTheFlow\CatchTheFlow.csproj", "{C795C6C9-563C-431B-96FC-330C218A955B}"
EndProject
Project("{2150E333-8FDC-42A3-9474-1A3956D46DE8}") = "Sound", "Sound", "{C02CF756-D741-43F9-A7DA-DAB9793449B1}"
EndProject
Project("{FAE04EC0-301F-11D3-BF4B-00C04F79EFBC}") = "Sound.Infrastructure", "Sound\Sound.Infrastructure\Sound.Infrastructure.csproj", "{4FA639AB-2AFB-4389-85C8-28D948B70C1A}"
EndProject
Project("{FAE04EC0-301F-11D3-BF4B-00C04F79EFBC}") = "Sound.Tests", "Sound\Sound.Tests\Sound.Tests.csproj", "{086E4500-0865-4C50-A7EC-21F1C63EF8B9}"
EndProject
Project("{FAE04EC0-301F-11D3-BF4B-00C04F79EFBC}") = "EventBus", "EventBus\EventBus\EventBus.csproj", "{B2A273C5-3DBC-40BF-A1A6-361A920E3F05}"
EndProject
Project("{FAE04EC0-301F-11D3-BF4B-00C04F79EFBC}") = "Sound.Application", "Sound\Sound.Application\Sound.Application.csproj", "{3C9D3D5A-E130-4DFF-BAF3-60BFB6F071E0}"
EndProject
Project("{FAE04EC0-301F-11D3-BF4B-00C04F79EFBC}") = "Sound.Core", "Sound\Sound.Core\Sound.Core.csproj", "{7AEDB1FA-3401-4829-89FE-006868D02D93}"
EndProject
Project("{FAE04EC0-301F-11D3-BF4B-00C04F79EFBC}") = "GWTTestBase", "GWTTestBase\GWTTestBase.csproj", "{897889C5-E0B5-45A3-87B7-EAB8604AD7CF}"
EndProject
Project("{FAE04EC0-301F-11D3-BF4B-00C04F79EFBC}") = "CQRSLib", "CQRSLib\CQRSLib.csproj", "{28030DA9-13CB-42E9-8A07-360D6C42DD66}"
EndProject
Project("{FAE04EC0-301F-11D3-BF4B-00C04F79EFBC}") = "Sandbox", "Sandbox\Sandbox.csproj", "{FB979114-144D-4B1A-8DB2-B6E42759CB71}"
EndProject
Project("{2150E333-8FDC-42A3-9474-1A3956D46DE8}") = "PomodoroWork", "PomodoroWork", "{63955A72-6909-4F0F-9B6B-A7D032198963}"
EndProject
Project("{FAE04EC0-301F-11D3-BF4B-00C04F79EFBC}") = "PomodoroWork.Application", "PomodoroWork\PomodoroWork.Application\PomodoroWork.Application.csproj", "{4D7B2906-D139-4B69-9731-DDE863F47E54}"
EndProject
Project("{FAE04EC0-301F-11D3-BF4B-00C04F79EFBC}") = "PomodoroWork.Core", "PomodoroWork\PomodoroWork.Core\PomodoroWork.Core.csproj", "{1A951890-6EDD-49D2-A0DD-F00E9056365B}"
EndProject
Project("{FAE04EC0-301F-11D3-BF4B-00C04F79EFBC}") = "PomodoroWork.Tests", "PomodoroWork\PomodoroWork.Tests\PomodoroWork.Tests.csproj", "{9058C6C1-5757-45D8-9053-07DC58459A6D}"
EndProject
Project("{FAE04EC0-301F-11D3-BF4B-00C04F79EFBC}") = "PomodoroWork.Infrastructure", "PomodoroWork\PomodoroWork.Infrastructure\PomodoroWork.Infrastructure.csproj", "{F32049F3-552E-40A2-AA3B-A7AC353E8DB8}"
EndProject
Project("{2150E333-8FDC-42A3-9474-1A3956D46DE8}") = "StartWorkView", "StartWorkView", "{59DDEFD7-F0BD-4AB3-9275-110052910F4E}"
EndProject
Project("{FAE04EC0-301F-11D3-BF4B-00C04F79EFBC}") = "StartWorkView.Application", "StartWorkView\StartWorkView.Application\StartWorkView.Application.csproj", "{30A07D01-22BB-40C6-8025-FCCBCECB548C}"
EndProject
Project("{FAE04EC0-301F-11D3-BF4B-00C04F79EFBC}") = "StartWorkView.Tests", "StartWorkView\StartWorkView.Tests\StartWorkView.Tests.csproj", "{30198DA5-526A-4B01-9942-104AF3AC8AF8}"
EndProject
Project("{FAE04EC0-301F-11D3-BF4B-00C04F79EFBC}") = "StartWorkView.UI", "StartWorkView\StartWorkView.UI\StartWorkView.UI.csproj", "{9EE05091-854A-4563-9707-23D02238EBE8}"
EndProject
Project("{2150E333-8FDC-42A3-9474-1A3956D46DE8}") = "Suggestion", "Suggestion", "{D200136F-02A1-490D-9A54-4DB889952B41}"
EndProject
Global
	GlobalSection(SolutionConfigurationPlatforms) = preSolution
		Debug|Any CPU = Debug|Any CPU
		Release|Any CPU = Release|Any CPU
	EndGlobalSection
	GlobalSection(ProjectConfigurationPlatforms) = postSolution
		{C795C6C9-563C-431B-96FC-330C218A955B}.Debug|Any CPU.ActiveCfg = Debug|Any CPU
		{C795C6C9-563C-431B-96FC-330C218A955B}.Debug|Any CPU.Build.0 = Debug|Any CPU
		{C795C6C9-563C-431B-96FC-330C218A955B}.Release|Any CPU.ActiveCfg = Release|Any CPU
		{C795C6C9-563C-431B-96FC-330C218A955B}.Release|Any CPU.Build.0 = Release|Any CPU
		{4FA639AB-2AFB-4389-85C8-28D948B70C1A}.Debug|Any CPU.ActiveCfg = Debug|Any CPU
		{4FA639AB-2AFB-4389-85C8-28D948B70C1A}.Debug|Any CPU.Build.0 = Debug|Any CPU
		{4FA639AB-2AFB-4389-85C8-28D948B70C1A}.Release|Any CPU.ActiveCfg = Release|Any CPU
		{4FA639AB-2AFB-4389-85C8-28D948B70C1A}.Release|Any CPU.Build.0 = Release|Any CPU
		{086E4500-0865-4C50-A7EC-21F1C63EF8B9}.Debug|Any CPU.ActiveCfg = Debug|Any CPU
		{086E4500-0865-4C50-A7EC-21F1C63EF8B9}.Debug|Any CPU.Build.0 = Debug|Any CPU
		{086E4500-0865-4C50-A7EC-21F1C63EF8B9}.Release|Any CPU.ActiveCfg = Release|Any CPU
		{086E4500-0865-4C50-A7EC-21F1C63EF8B9}.Release|Any CPU.Build.0 = Release|Any CPU
		{B2A273C5-3DBC-40BF-A1A6-361A920E3F05}.Debug|Any CPU.ActiveCfg = Debug|Any CPU
		{B2A273C5-3DBC-40BF-A1A6-361A920E3F05}.Debug|Any CPU.Build.0 = Debug|Any CPU
		{B2A273C5-3DBC-40BF-A1A6-361A920E3F05}.Release|Any CPU.ActiveCfg = Release|Any CPU
		{B2A273C5-3DBC-40BF-A1A6-361A920E3F05}.Release|Any CPU.Build.0 = Release|Any CPU
		{3C9D3D5A-E130-4DFF-BAF3-60BFB6F071E0}.Debug|Any CPU.ActiveCfg = Debug|Any CPU
		{3C9D3D5A-E130-4DFF-BAF3-60BFB6F071E0}.Debug|Any CPU.Build.0 = Debug|Any CPU
		{3C9D3D5A-E130-4DFF-BAF3-60BFB6F071E0}.Release|Any CPU.ActiveCfg = Release|Any CPU
		{3C9D3D5A-E130-4DFF-BAF3-60BFB6F071E0}.Release|Any CPU.Build.0 = Release|Any CPU
		{7AEDB1FA-3401-4829-89FE-006868D02D93}.Debug|Any CPU.ActiveCfg = Debug|Any CPU
		{7AEDB1FA-3401-4829-89FE-006868D02D93}.Debug|Any CPU.Build.0 = Debug|Any CPU
		{7AEDB1FA-3401-4829-89FE-006868D02D93}.Release|Any CPU.ActiveCfg = Release|Any CPU
		{7AEDB1FA-3401-4829-89FE-006868D02D93}.Release|Any CPU.Build.0 = Release|Any CPU
		{897889C5-E0B5-45A3-87B7-EAB8604AD7CF}.Debug|Any CPU.ActiveCfg = Debug|Any CPU
		{897889C5-E0B5-45A3-87B7-EAB8604AD7CF}.Debug|Any CPU.Build.0 = Debug|Any CPU
		{897889C5-E0B5-45A3-87B7-EAB8604AD7CF}.Release|Any CPU.ActiveCfg = Release|Any CPU
		{897889C5-E0B5-45A3-87B7-EAB8604AD7CF}.Release|Any CPU.Build.0 = Release|Any CPU
		{28030DA9-13CB-42E9-8A07-360D6C42DD66}.Debug|Any CPU.ActiveCfg = Debug|Any CPU
		{28030DA9-13CB-42E9-8A07-360D6C42DD66}.Debug|Any CPU.Build.0 = Debug|Any CPU
		{28030DA9-13CB-42E9-8A07-360D6C42DD66}.Release|Any CPU.ActiveCfg = Release|Any CPU
		{28030DA9-13CB-42E9-8A07-360D6C42DD66}.Release|Any CPU.Build.0 = Release|Any CPU
		{FB979114-144D-4B1A-8DB2-B6E42759CB71}.Debug|Any CPU.ActiveCfg = Debug|Any CPU
		{FB979114-144D-4B1A-8DB2-B6E42759CB71}.Debug|Any CPU.Build.0 = Debug|Any CPU
		{FB979114-144D-4B1A-8DB2-B6E42759CB71}.Release|Any CPU.ActiveCfg = Release|Any CPU
		{FB979114-144D-4B1A-8DB2-B6E42759CB71}.Release|Any CPU.Build.0 = Release|Any CPU
		{4D7B2906-D139-4B69-9731-DDE863F47E54}.Debug|Any CPU.ActiveCfg = Debug|Any CPU
		{4D7B2906-D139-4B69-9731-DDE863F47E54}.Debug|Any CPU.Build.0 = Debug|Any CPU
		{4D7B2906-D139-4B69-9731-DDE863F47E54}.Release|Any CPU.ActiveCfg = Release|Any CPU
		{4D7B2906-D139-4B69-9731-DDE863F47E54}.Release|Any CPU.Build.0 = Release|Any CPU
		{1A951890-6EDD-49D2-A0DD-F00E9056365B}.Debug|Any CPU.ActiveCfg = Debug|Any CPU
		{1A951890-6EDD-49D2-A0DD-F00E9056365B}.Debug|Any CPU.Build.0 = Debug|Any CPU
		{1A951890-6EDD-49D2-A0DD-F00E9056365B}.Release|Any CPU.ActiveCfg = Release|Any CPU
		{1A951890-6EDD-49D2-A0DD-F00E9056365B}.Release|Any CPU.Build.0 = Release|Any CPU
		{9058C6C1-5757-45D8-9053-07DC58459A6D}.Debug|Any CPU.ActiveCfg = Debug|Any CPU
		{9058C6C1-5757-45D8-9053-07DC58459A6D}.Debug|Any CPU.Build.0 = Debug|Any CPU
		{9058C6C1-5757-45D8-9053-07DC58459A6D}.Release|Any CPU.ActiveCfg = Release|Any CPU
		{9058C6C1-5757-45D8-9053-07DC58459A6D}.Release|Any CPU.Build.0 = Release|Any CPU
		{F32049F3-552E-40A2-AA3B-A7AC353E8DB8}.Debug|Any CPU.ActiveCfg = Debug|Any CPU
		{F32049F3-552E-40A2-AA3B-A7AC353E8DB8}.Debug|Any CPU.Build.0 = Debug|Any CPU
		{F32049F3-552E-40A2-AA3B-A7AC353E8DB8}.Release|Any CPU.ActiveCfg = Release|Any CPU
		{F32049F3-552E-40A2-AA3B-A7AC353E8DB8}.Release|Any CPU.Build.0 = Release|Any CPU
		{30A07D01-22BB-40C6-8025-FCCBCECB548C}.Debug|Any CPU.ActiveCfg = Debug|Any CPU
		{30A07D01-22BB-40C6-8025-FCCBCECB548C}.Debug|Any CPU.Build.0 = Debug|Any CPU
		{30A07D01-22BB-40C6-8025-FCCBCECB548C}.Release|Any CPU.ActiveCfg = Release|Any CPU
		{30A07D01-22BB-40C6-8025-FCCBCECB548C}.Release|Any CPU.Build.0 = Release|Any CPU
		{30198DA5-526A-4B01-9942-104AF3AC8AF8}.Debug|Any CPU.ActiveCfg = Debug|Any CPU
		{30198DA5-526A-4B01-9942-104AF3AC8AF8}.Debug|Any CPU.Build.0 = Debug|Any CPU
		{30198DA5-526A-4B01-9942-104AF3AC8AF8}.Release|Any CPU.ActiveCfg = Release|Any CPU
		{30198DA5-526A-4B01-9942-104AF3AC8AF8}.Release|Any CPU.Build.0 = Release|Any CPU
		{9EE05091-854A-4563-9707-23D02238EBE8}.Debug|Any CPU.ActiveCfg = Debug|Any CPU
		{9EE05091-854A-4563-9707-23D02238EBE8}.Debug|Any CPU.Build.0 = Debug|Any CPU
		{9EE05091-854A-4563-9707-23D02238EBE8}.Release|Any CPU.ActiveCfg = Release|Any CPU
		{9EE05091-854A-4563-9707-23D02238EBE8}.Release|Any CPU.Build.0 = Release|Any CPU
	EndGlobalSection
	GlobalSection(NestedProjects) = preSolution
		{4FA639AB-2AFB-4389-85C8-28D948B70C1A} = {C02CF756-D741-43F9-A7DA-DAB9793449B1}
		{086E4500-0865-4C50-A7EC-21F1C63EF8B9} = {C02CF756-D741-43F9-A7DA-DAB9793449B1}
		{3C9D3D5A-E130-4DFF-BAF3-60BFB6F071E0} = {C02CF756-D741-43F9-A7DA-DAB9793449B1}
		{7AEDB1FA-3401-4829-89FE-006868D02D93} = {C02CF756-D741-43F9-A7DA-DAB9793449B1}
		{4D7B2906-D139-4B69-9731-DDE863F47E54} = {63955A72-6909-4F0F-9B6B-A7D032198963}
		{1A951890-6EDD-49D2-A0DD-F00E9056365B} = {63955A72-6909-4F0F-9B6B-A7D032198963}
		{9058C6C1-5757-45D8-9053-07DC58459A6D} = {63955A72-6909-4F0F-9B6B-A7D032198963}
		{F32049F3-552E-40A2-AA3B-A7AC353E8DB8} = {63955A72-6909-4F0F-9B6B-A7D032198963}
		{30A07D01-22BB-40C6-8025-FCCBCECB548C} = {59DDEFD7-F0BD-4AB3-9275-110052910F4E}
		{30198DA5-526A-4B01-9942-104AF3AC8AF8} = {59DDEFD7-F0BD-4AB3-9275-110052910F4E}
		{9EE05091-854A-4563-9707-23D02238EBE8} = {59DDEFD7-F0BD-4AB3-9275-110052910F4E}
	EndGlobalSection
EndGlobal
