
Microsoft Visual Studio Solution File, Format Version 12.00
Project("{FAE04EC0-301F-11D3-BF4B-00C04F79EFBC}") = "CatchTheFlow", "CatchTheFlow\CatchTheFlow.csproj", "{C795C6C9-563C-431B-96FC-330C218A955B}"
EndProject
Project("{2150E333-8FDC-42A3-9474-1A3956D46DE8}") = "Sound", "Sound", "{C02CF756-D741-43F9-A7DA-DAB9793449B1}"
EndProject
Project("{FAE04EC0-301F-11D3-BF4B-00C04F79EFBC}") = "Sound.Infrastructure", "Sound\Sound.Infrastructure\Sound.Infrastructure.csproj", "{4FA639AB-2AFB-4389-85C8-28D948B70C1A}"
EndProject
Project("{FAE04EC0-301F-11D3-BF4B-00C04F79EFBC}") = "Sound.Tests", "Sound\Sound.Tests\Sound.Tests.csproj", "{086E4500-0865-4C50-A7EC-21F1C63EF8B9}"
EndProject
Project("{FAE04EC0-301F-11D3-BF4B-00C04F79EFBC}") = "EventBus", "EventBus\EventBus\EventBus.csproj", "{B2A273C5-3DBC-40BF-A1A6-361A920E3F05}"
EndProject
Project("{FAE04EC0-301F-11D3-BF4B-00C04F79EFBC}") = "Sound.Application", "Sound\Sound.Application\Sound.Application.csproj", "{3C9D3D5A-E130-4DFF-BAF3-60BFB6F071E0}"
EndProject
Project("{FAE04EC0-301F-11D3-BF4B-00C04F79EFBC}") = "Sound.Core", "Sound\Sound.Core\Sound.Core.csproj", "{7AEDB1FA-3401-4829-89FE-006868D02D93}"
EndProject
Project("{FAE04EC0-301F-11D3-BF4B-00C04F79EFBC}") = "GWTTestBase", "GWTTestBase\GWTTestBase.csproj", "{897889C5-E0B5-45A3-87B7-EAB8604AD7CF}"
EndProject
Project("{FAE04EC0-301F-11D3-BF4B-00C04F79EFBC}") = "CQRSLib", "CQRSLib\CQRSLib.csproj", "{28030DA9-13CB-42E9-8A07-360D6C42DD66}"
EndProject
Project("{FAE04EC0-301F-11D3-BF4B-00C04F79EFBC}") = "Sandbox", "Sandbox\Sandbox.csproj", "{FB979114-144D-4B1A-8DB2-B6E42759CB71}"
EndProject
Project("{2150E333-8FDC-42A3-9474-1A3956D46DE8}") = "PomodoroWork", "PomodoroWork", "{63955A72-6909-4F0F-9B6B-A7D032198963}"
EndProject
Project("{FAE04EC0-301F-11D3-BF4B-00C04F79EFBC}") = "PomodoroWork.Application", "PomodoroWork\PomodoroWork.Application\PomodoroWork.Application.csproj", "{4D7B2906-D139-4B69-9731-DDE863F47E54}"
EndProject
Project("{FAE04EC0-301F-11D3-BF4B-00C04F79EFBC}") = "PomodoroWork.Tests", "PomodoroWork\PomodoroWork.Tests\PomodoroWork.Tests.csproj", "{9058C6C1-5757-45D8-9053-07DC58459A6D}"
EndProject
Project("{FAE04EC0-301F-11D3-BF4B-00C04F79EFBC}") = "PomodoroWork.Infrastructure", "PomodoroWork\PomodoroWork.Infrastructure\PomodoroWork.Infrastructure.csproj", "{F32049F3-552E-40A2-AA3B-A7AC353E8DB8}"
EndProject
Project("{2150E333-8FDC-42A3-9474-1A3956D46DE8}") = "StartWorkView", "StartWorkView", "{59DDEFD7-F0BD-4AB3-9275-110052910F4E}"
EndProject
Project("{FAE04EC0-301F-11D3-BF4B-00C04F79EFBC}") = "StartWorkView.UI", "StartWorkView\StartWorkView.UI\StartWorkView.UI.csproj", "{9EE05091-854A-4563-9707-23D02238EBE8}"
EndProject
Project("{FAE04EC0-301F-11D3-BF4B-00C04F79EFBC}") = "StartWorkView.Tests", "StartWorkView\StartWorkView.Tests\StartWorkView.Tests.csproj", "{30198DA5-526A-4B01-9942-104AF3AC8AF8}"
EndProject
Project("{FAE04EC0-301F-11D3-BF4B-00C04F79EFBC}") = "StartWorkView.Application", "StartWorkView\StartWorkView.Application\StartWorkView.Application.csproj", "{30A07D01-22BB-40C6-8025-FCCBCECB548C}"
EndProject
Project("{2150E333-8FDC-42A3-9474-1A3956D46DE8}") = "Suggestion", "Suggestion", "{BE2C9820-3BA6-4775-8F54-3D084F375C19}"
EndProject
Project("{FAE04EC0-301F-11D3-BF4B-00C04F79EFBC}") = "Suggestion.Application", "Suggestion\Suggestion.Application\Suggestion.Application.csproj", "{B4645668-552C-4731-AAB7-CAD0F115AFAB}"
EndProject
Project("{FAE04EC0-301F-11D3-BF4B-00C04F79EFBC}") = "Suggestion.Tests", "Suggestion\Suggestion.Tests\Suggestion.Tests.csproj", "{338D1C97-90D7-417E-959F-62F5319C01CC}"
EndProject
Project("{FAE04EC0-301F-11D3-BF4B-00C04F79EFBC}") = "Suggestion.Infrastructure", "Suggestion\Suggestion.Infrastructure\Suggestion.Infrastructure.csproj", "{C9119FB1-A52B-4E7A-91B8-88475437DCCF}"
EndProject
Project("{2150E333-8FDC-42A3-9474-1A3956D46DE8}") = "StartShortBreakeView", "StartShortBreakeView", "{A6B72B5C-53C3-4DCB-B495-72EB8D5E4B2C}"
EndProject
Project("{FAE04EC0-301F-11D3-BF4B-00C04F79EFBC}") = "StartShortBreakeView.Application", "StartShortBreakeView\StartShortBreakeView.Application\StartShortBreakeView.Application.csproj", "{08ED1A40-1E25-4084-8147-9C5BCBA2E01C}"
EndProject
Project("{FAE04EC0-301F-11D3-BF4B-00C04F79EFBC}") = "StartShortBreakeView.Tests", "StartShortBreakeView\StartShortBreakeView.Tests\StartShortBreakeView.Tests.csproj", "{0B32BC0A-D1F1-4125-8377-9A78BBA2D04A}"
EndProject
Project("{FAE04EC0-301F-11D3-BF4B-00C04F79EFBC}") = "StartShortBreakeView.UI", "StartShortBreakeView\StartShortBreakeView.UI\StartShortBreakeView.UI.csproj", "{E04DE452-7959-4265-8E2C-841D636A8D74}"
EndProject
Project("{2150E333-8FDC-42A3-9474-1A3956D46DE8}") = "PomodoroShortBreake", "PomodoroShortBreake", "{D98BEB07-B804-43DA-9EAF-229A48F85F75}"
EndProject
Project("{FAE04EC0-301F-11D3-BF4B-00C04F79EFBC}") = "PomodoroShortBreake.Tests", "PomodoroShortBreake\PomodoroShortBreake.Tests\PomodoroShortBreake.Tests.csproj", "{3B6A4C56-CB01-4960-9295-7A352B70724E}"
EndProject
Project("{FAE04EC0-301F-11D3-BF4B-00C04F79EFBC}") = "PomodoroShortBreake.Infrastructure", "PomodoroShortBreake\PomodoroShortBreake.Infrastructure\PomodoroShortBreake.Infrastructure.csproj", "{60ABAA84-1C7B-460B-BDB4-232A56F55769}"
EndProject
Project("{FAE04EC0-301F-11D3-BF4B-00C04F79EFBC}") = "PomodoroShortBreake.Application", "PomodoroShortBreake\PomodoroShortBreake.Application\PomodoroShortBreake.Application.csproj", "{05490C80-F54C-4170-8986-0C169908D4E2}"
EndProject
Project("{2150E333-8FDC-42A3-9474-1A3956D46DE8}") = "StartLongBreakeView", "StartLongBreakeView", "{A4987B2D-9BF8-4BB7-A792-1D03D9AF45FE}"
EndProject
Project("{FAE04EC0-301F-11D3-BF4B-00C04F79EFBC}") = "StartLongBreakeView.Application", "StartLongBreakeView\StartLongBreakeView.Application\StartLongBreakeView.Application.csproj", "{14F7D265-6612-4AD5-A1D9-0BD630697EA1}"
EndProject
Project("{FAE04EC0-301F-11D3-BF4B-00C04F79EFBC}") = "StartLongBreakeView.Tests", "StartLongBreakeView\StartLongBreakeView.Tests\StartLongBreakeView.Tests.csproj", "{9126540C-FE0D-40EF-8AC6-28F07DFE1EC7}"
EndProject
Project("{FAE04EC0-301F-11D3-BF4B-00C04F79EFBC}") = "StartLongBreakeView.UI", "StartLongBreakeView\StartLongBreakeView.UI\StartLongBreakeView.UI.csproj", "{122C1F0F-3946-47AB-9123-A44DCB0B9F29}"
EndProject
Project("{2150E333-8FDC-42A3-9474-1A3956D46DE8}") = "PomodoroLongBreake", "PomodoroLongBreake", "{224CB551-F908-4484-A70D-5EF1E4274524}"
EndProject
Project("{FAE04EC0-301F-11D3-BF4B-00C04F79EFBC}") = "PomodoroLongBreake.Tests", "PomodoroLongBreake\PomodoroLongBreake.Tests\PomodoroLongBreake.Tests.csproj", "{0DCD3FCB-0AC1-49D8-80AB-9EB3E45B612C}"
EndProject
Project("{FAE04EC0-301F-11D3-BF4B-00C04F79EFBC}") = "PomodoroLongBreake.Infrastructure", "PomodoroLongBreake\PomodoroLongBreake.Infrastructure\PomodoroLongBreake.Infrastructure.csproj", "{E6DC79DA-C42F-47CA-8010-A00DF17F448A}"
EndProject
Project("{FAE04EC0-301F-11D3-BF4B-00C04F79EFBC}") = "PomodoroLongBreake.Application", "PomodoroLongBreake\PomodoroLongBreake.Application\PomodoroLongBreake.Application.csproj", "{030E4CE6-601C-4DB8-AFA2-89997190D187}"
EndProject
Project("{2150E333-8FDC-42A3-9474-1A3956D46DE8}") = "Configuration", "Configuration", "{215F5121-C867-485D-B452-418B29D768C7}"
EndProject
Project("{FAE04EC0-301F-11D3-BF4B-00C04F79EFBC}") = "Configuration.Application", "Configuration\Configuration.Application\Configuration.Application.csproj", "{8B91D761-9A8F-4FEB-BEB2-2201156BBFD9}"
EndProject
Project("{FAE04EC0-301F-11D3-BF4B-00C04F79EFBC}") = "Configuration.Tests", "Configuration\Configuration.Tests\Configuration.Tests.csproj", "{B4B5C604-D523-413B-8336-79C9CC51FD6A}"
EndProject
Project("{FAE04EC0-301F-11D3-BF4B-00C04F79EFBC}") = "Configuration.UI", "Configuration\Configuration.UI\Configuration.UI.csproj", "{1025983F-3AE5-433A-A94F-338628D4690E}"
EndProject
Project("{2150E333-8FDC-42A3-9474-1A3956D46DE8}") = "WorkView", "WorkView", "{690DF6BF-B4A4-4FBD-9331-CFA44AADF8B4}"
EndProject
Project("{FAE04EC0-301F-11D3-BF4B-00C04F79EFBC}") = "WorkView.Tests", "WorkView\WorkView.Tests\WorkView.Tests.csproj", "{508330EE-8DA0-4BBF-9FA8-6CFBB49CAE0B}"
EndProject
Project("{FAE04EC0-301F-11D3-BF4B-00C04F79EFBC}") = "WorkView.UI", "WorkView\WorkView.UI\WorkView.UI.csproj", "{1CE4CE4C-2644-4470-9BDC-12653EEB39F5}"
EndProject
Project("{FAE04EC0-301F-11D3-BF4B-00C04F79EFBC}") = "WorkView.Application", "WorkView\WorkView.Application\WorkView.Application.csproj", "{2F0C7C5C-2F5E-443B-BDF5-3023774DE0FC}"
EndProject
Project("{2150E333-8FDC-42A3-9474-1A3956D46DE8}") = "ShortBreakView", "ShortBreakView", "{BD049A2C-7FEC-4977-B5FF-231C5F6F7B3D}"
EndProject
Project("{FAE04EC0-301F-11D3-BF4B-00C04F79EFBC}") = "ShortBreakView.UI", "ShortBreakeView\ShortBreakView.UI\ShortBreakView.UI.csproj", "{83B0E0A9-D424-413E-92E2-4F78915ED8E1}"
EndProject
Project("{FAE04EC0-301F-11D3-BF4B-00C04F79EFBC}") = "ShortBreakView.Tests", "ShortBreakeView\ShortBreakView.Tests\ShortBreakView.Tests.csproj", "{C6EAC0CE-EA63-411F-B3EB-330BE76965B6}"
EndProject
Project("{FAE04EC0-301F-11D3-BF4B-00C04F79EFBC}") = "ShortBreakView.Application", "ShortBreakeView\ShortBreakView.Application\ShortBreakView.Application.csproj", "{E526DD42-42A8-4316-B56F-AEA124FDD843}"
EndProject
Global
	GlobalSection(SolutionConfigurationPlatforms) = preSolution
		Debug|Any CPU = Debug|Any CPU
		Release|Any CPU = Release|Any CPU
	EndGlobalSection
	GlobalSection(ProjectConfigurationPlatforms) = postSolution
		{C795C6C9-563C-431B-96FC-330C218A955B}.Debug|Any CPU.ActiveCfg = Debug|Any CPU
		{C795C6C9-563C-431B-96FC-330C218A955B}.Debug|Any CPU.Build.0 = Debug|Any CPU
		{C795C6C9-563C-431B-96FC-330C218A955B}.Release|Any CPU.ActiveCfg = Release|Any CPU
		{C795C6C9-563C-431B-96FC-330C218A955B}.Release|Any CPU.Build.0 = Release|Any CPU
		{4FA639AB-2AFB-4389-85C8-28D948B70C1A}.Debug|Any CPU.ActiveCfg = Debug|Any CPU
		{4FA639AB-2AFB-4389-85C8-28D948B70C1A}.Debug|Any CPU.Build.0 = Debug|Any CPU
		{4FA639AB-2AFB-4389-85C8-28D948B70C1A}.Release|Any CPU.ActiveCfg = Release|Any CPU
		{4FA639AB-2AFB-4389-85C8-28D948B70C1A}.Release|Any CPU.Build.0 = Release|Any CPU
		{086E4500-0865-4C50-A7EC-21F1C63EF8B9}.Debug|Any CPU.ActiveCfg = Debug|Any CPU
		{086E4500-0865-4C50-A7EC-21F1C63EF8B9}.Debug|Any CPU.Build.0 = Debug|Any CPU
		{086E4500-0865-4C50-A7EC-21F1C63EF8B9}.Release|Any CPU.ActiveCfg = Release|Any CPU
		{086E4500-0865-4C50-A7EC-21F1C63EF8B9}.Release|Any CPU.Build.0 = Release|Any CPU
		{B2A273C5-3DBC-40BF-A1A6-361A920E3F05}.Debug|Any CPU.ActiveCfg = Debug|Any CPU
		{B2A273C5-3DBC-40BF-A1A6-361A920E3F05}.Debug|Any CPU.Build.0 = Debug|Any CPU
		{B2A273C5-3DBC-40BF-A1A6-361A920E3F05}.Release|Any CPU.ActiveCfg = Release|Any CPU
		{B2A273C5-3DBC-40BF-A1A6-361A920E3F05}.Release|Any CPU.Build.0 = Release|Any CPU
		{3C9D3D5A-E130-4DFF-BAF3-60BFB6F071E0}.Debug|Any CPU.ActiveCfg = Debug|Any CPU
		{3C9D3D5A-E130-4DFF-BAF3-60BFB6F071E0}.Debug|Any CPU.Build.0 = Debug|Any CPU
		{3C9D3D5A-E130-4DFF-BAF3-60BFB6F071E0}.Release|Any CPU.ActiveCfg = Release|Any CPU
		{3C9D3D5A-E130-4DFF-BAF3-60BFB6F071E0}.Release|Any CPU.Build.0 = Release|Any CPU
		{7AEDB1FA-3401-4829-89FE-006868D02D93}.Debug|Any CPU.ActiveCfg = Debug|Any CPU
		{7AEDB1FA-3401-4829-89FE-006868D02D93}.Debug|Any CPU.Build.0 = Debug|Any CPU
		{7AEDB1FA-3401-4829-89FE-006868D02D93}.Release|Any CPU.ActiveCfg = Release|Any CPU
		{7AEDB1FA-3401-4829-89FE-006868D02D93}.Release|Any CPU.Build.0 = Release|Any CPU
		{897889C5-E0B5-45A3-87B7-EAB8604AD7CF}.Debug|Any CPU.ActiveCfg = Debug|Any CPU
		{897889C5-E0B5-45A3-87B7-EAB8604AD7CF}.Debug|Any CPU.Build.0 = Debug|Any CPU
		{897889C5-E0B5-45A3-87B7-EAB8604AD7CF}.Release|Any CPU.ActiveCfg = Release|Any CPU
		{897889C5-E0B5-45A3-87B7-EAB8604AD7CF}.Release|Any CPU.Build.0 = Release|Any CPU
		{28030DA9-13CB-42E9-8A07-360D6C42DD66}.Debug|Any CPU.ActiveCfg = Debug|Any CPU
		{28030DA9-13CB-42E9-8A07-360D6C42DD66}.Debug|Any CPU.Build.0 = Debug|Any CPU
		{28030DA9-13CB-42E9-8A07-360D6C42DD66}.Release|Any CPU.ActiveCfg = Release|Any CPU
		{28030DA9-13CB-42E9-8A07-360D6C42DD66}.Release|Any CPU.Build.0 = Release|Any CPU
		{FB979114-144D-4B1A-8DB2-B6E42759CB71}.Debug|Any CPU.ActiveCfg = Debug|Any CPU
		{FB979114-144D-4B1A-8DB2-B6E42759CB71}.Debug|Any CPU.Build.0 = Debug|Any CPU
		{FB979114-144D-4B1A-8DB2-B6E42759CB71}.Release|Any CPU.ActiveCfg = Release|Any CPU
		{FB979114-144D-4B1A-8DB2-B6E42759CB71}.Release|Any CPU.Build.0 = Release|Any CPU
		{4D7B2906-D139-4B69-9731-DDE863F47E54}.Debug|Any CPU.ActiveCfg = Debug|Any CPU
		{4D7B2906-D139-4B69-9731-DDE863F47E54}.Debug|Any CPU.Build.0 = Debug|Any CPU
		{4D7B2906-D139-4B69-9731-DDE863F47E54}.Release|Any CPU.ActiveCfg = Release|Any CPU
		{4D7B2906-D139-4B69-9731-DDE863F47E54}.Release|Any CPU.Build.0 = Release|Any CPU
		{9058C6C1-5757-45D8-9053-07DC58459A6D}.Debug|Any CPU.ActiveCfg = Debug|Any CPU
		{9058C6C1-5757-45D8-9053-07DC58459A6D}.Debug|Any CPU.Build.0 = Debug|Any CPU
		{9058C6C1-5757-45D8-9053-07DC58459A6D}.Release|Any CPU.ActiveCfg = Release|Any CPU
		{9058C6C1-5757-45D8-9053-07DC58459A6D}.Release|Any CPU.Build.0 = Release|Any CPU
		{F32049F3-552E-40A2-AA3B-A7AC353E8DB8}.Debug|Any CPU.ActiveCfg = Debug|Any CPU
		{F32049F3-552E-40A2-AA3B-A7AC353E8DB8}.Debug|Any CPU.Build.0 = Debug|Any CPU
		{F32049F3-552E-40A2-AA3B-A7AC353E8DB8}.Release|Any CPU.ActiveCfg = Release|Any CPU
		{F32049F3-552E-40A2-AA3B-A7AC353E8DB8}.Release|Any CPU.Build.0 = Release|Any CPU
		{9EE05091-854A-4563-9707-23D02238EBE8}.Debug|Any CPU.ActiveCfg = Debug|Any CPU
		{9EE05091-854A-4563-9707-23D02238EBE8}.Debug|Any CPU.Build.0 = Debug|Any CPU
		{9EE05091-854A-4563-9707-23D02238EBE8}.Release|Any CPU.ActiveCfg = Release|Any CPU
		{9EE05091-854A-4563-9707-23D02238EBE8}.Release|Any CPU.Build.0 = Release|Any CPU
		{B4645668-552C-4731-AAB7-CAD0F115AFAB}.Debug|Any CPU.ActiveCfg = Debug|Any CPU
		{B4645668-552C-4731-AAB7-CAD0F115AFAB}.Debug|Any CPU.Build.0 = Debug|Any CPU
		{B4645668-552C-4731-AAB7-CAD0F115AFAB}.Release|Any CPU.ActiveCfg = Release|Any CPU
		{B4645668-552C-4731-AAB7-CAD0F115AFAB}.Release|Any CPU.Build.0 = Release|Any CPU
		{338D1C97-90D7-417E-959F-62F5319C01CC}.Debug|Any CPU.ActiveCfg = Debug|Any CPU
		{338D1C97-90D7-417E-959F-62F5319C01CC}.Debug|Any CPU.Build.0 = Debug|Any CPU
		{338D1C97-90D7-417E-959F-62F5319C01CC}.Release|Any CPU.ActiveCfg = Release|Any CPU
		{338D1C97-90D7-417E-959F-62F5319C01CC}.Release|Any CPU.Build.0 = Release|Any CPU
		{C9119FB1-A52B-4E7A-91B8-88475437DCCF}.Debug|Any CPU.ActiveCfg = Debug|Any CPU
		{C9119FB1-A52B-4E7A-91B8-88475437DCCF}.Debug|Any CPU.Build.0 = Debug|Any CPU
		{C9119FB1-A52B-4E7A-91B8-88475437DCCF}.Release|Any CPU.ActiveCfg = Release|Any CPU
		{C9119FB1-A52B-4E7A-91B8-88475437DCCF}.Release|Any CPU.Build.0 = Release|Any CPU
		{30A07D01-22BB-40C6-8025-FCCBCECB548C}.Debug|Any CPU.ActiveCfg = Debug|Any CPU
		{30A07D01-22BB-40C6-8025-FCCBCECB548C}.Debug|Any CPU.Build.0 = Debug|Any CPU
		{30198DA5-526A-4B01-9942-104AF3AC8AF8}.Debug|Any CPU.ActiveCfg = Debug|Any CPU
		{30198DA5-526A-4B01-9942-104AF3AC8AF8}.Debug|Any CPU.Build.0 = Debug|Any CPU
		{08ED1A40-1E25-4084-8147-9C5BCBA2E01C}.Debug|Any CPU.ActiveCfg = Debug|Any CPU
		{08ED1A40-1E25-4084-8147-9C5BCBA2E01C}.Debug|Any CPU.Build.0 = Debug|Any CPU
		{08ED1A40-1E25-4084-8147-9C5BCBA2E01C}.Release|Any CPU.ActiveCfg = Release|Any CPU
		{08ED1A40-1E25-4084-8147-9C5BCBA2E01C}.Release|Any CPU.Build.0 = Release|Any CPU
		{0B32BC0A-D1F1-4125-8377-9A78BBA2D04A}.Debug|Any CPU.ActiveCfg = Debug|Any CPU
		{0B32BC0A-D1F1-4125-8377-9A78BBA2D04A}.Debug|Any CPU.Build.0 = Debug|Any CPU
		{0B32BC0A-D1F1-4125-8377-9A78BBA2D04A}.Release|Any CPU.ActiveCfg = Release|Any CPU
		{0B32BC0A-D1F1-4125-8377-9A78BBA2D04A}.Release|Any CPU.Build.0 = Release|Any CPU
		{E04DE452-7959-4265-8E2C-841D636A8D74}.Debug|Any CPU.ActiveCfg = Debug|Any CPU
		{E04DE452-7959-4265-8E2C-841D636A8D74}.Debug|Any CPU.Build.0 = Debug|Any CPU
		{E04DE452-7959-4265-8E2C-841D636A8D74}.Release|Any CPU.ActiveCfg = Release|Any CPU
		{E04DE452-7959-4265-8E2C-841D636A8D74}.Release|Any CPU.Build.0 = Release|Any CPU
		{3B6A4C56-CB01-4960-9295-7A352B70724E}.Debug|Any CPU.ActiveCfg = Debug|Any CPU
		{3B6A4C56-CB01-4960-9295-7A352B70724E}.Debug|Any CPU.Build.0 = Debug|Any CPU
		{3B6A4C56-CB01-4960-9295-7A352B70724E}.Release|Any CPU.ActiveCfg = Release|Any CPU
		{3B6A4C56-CB01-4960-9295-7A352B70724E}.Release|Any CPU.Build.0 = Release|Any CPU
		{60ABAA84-1C7B-460B-BDB4-232A56F55769}.Debug|Any CPU.ActiveCfg = Debug|Any CPU
		{60ABAA84-1C7B-460B-BDB4-232A56F55769}.Debug|Any CPU.Build.0 = Debug|Any CPU
		{60ABAA84-1C7B-460B-BDB4-232A56F55769}.Release|Any CPU.ActiveCfg = Release|Any CPU
		{60ABAA84-1C7B-460B-BDB4-232A56F55769}.Release|Any CPU.Build.0 = Release|Any CPU
		{05490C80-F54C-4170-8986-0C169908D4E2}.Debug|Any CPU.ActiveCfg = Debug|Any CPU
		{05490C80-F54C-4170-8986-0C169908D4E2}.Debug|Any CPU.Build.0 = Debug|Any CPU
		{05490C80-F54C-4170-8986-0C169908D4E2}.Release|Any CPU.ActiveCfg = Release|Any CPU
		{05490C80-F54C-4170-8986-0C169908D4E2}.Release|Any CPU.Build.0 = Release|Any CPU
		{14F7D265-6612-4AD5-A1D9-0BD630697EA1}.Debug|Any CPU.ActiveCfg = Debug|Any CPU
		{14F7D265-6612-4AD5-A1D9-0BD630697EA1}.Debug|Any CPU.Build.0 = Debug|Any CPU
		{14F7D265-6612-4AD5-A1D9-0BD630697EA1}.Release|Any CPU.ActiveCfg = Release|Any CPU
		{14F7D265-6612-4AD5-A1D9-0BD630697EA1}.Release|Any CPU.Build.0 = Release|Any CPU
		{9126540C-FE0D-40EF-8AC6-28F07DFE1EC7}.Debug|Any CPU.ActiveCfg = Debug|Any CPU
		{9126540C-FE0D-40EF-8AC6-28F07DFE1EC7}.Debug|Any CPU.Build.0 = Debug|Any CPU
		{9126540C-FE0D-40EF-8AC6-28F07DFE1EC7}.Release|Any CPU.ActiveCfg = Release|Any CPU
		{9126540C-FE0D-40EF-8AC6-28F07DFE1EC7}.Release|Any CPU.Build.0 = Release|Any CPU
		{122C1F0F-3946-47AB-9123-A44DCB0B9F29}.Debug|Any CPU.ActiveCfg = Debug|Any CPU
		{122C1F0F-3946-47AB-9123-A44DCB0B9F29}.Debug|Any CPU.Build.0 = Debug|Any CPU
		{122C1F0F-3946-47AB-9123-A44DCB0B9F29}.Release|Any CPU.ActiveCfg = Release|Any CPU
		{122C1F0F-3946-47AB-9123-A44DCB0B9F29}.Release|Any CPU.Build.0 = Release|Any CPU
		{0DCD3FCB-0AC1-49D8-80AB-9EB3E45B612C}.Debug|Any CPU.ActiveCfg = Debug|Any CPU
		{0DCD3FCB-0AC1-49D8-80AB-9EB3E45B612C}.Debug|Any CPU.Build.0 = Debug|Any CPU
		{0DCD3FCB-0AC1-49D8-80AB-9EB3E45B612C}.Release|Any CPU.ActiveCfg = Release|Any CPU
		{0DCD3FCB-0AC1-49D8-80AB-9EB3E45B612C}.Release|Any CPU.Build.0 = Release|Any CPU
		{E6DC79DA-C42F-47CA-8010-A00DF17F448A}.Debug|Any CPU.ActiveCfg = Debug|Any CPU
		{E6DC79DA-C42F-47CA-8010-A00DF17F448A}.Debug|Any CPU.Build.0 = Debug|Any CPU
		{E6DC79DA-C42F-47CA-8010-A00DF17F448A}.Release|Any CPU.ActiveCfg = Release|Any CPU
		{E6DC79DA-C42F-47CA-8010-A00DF17F448A}.Release|Any CPU.Build.0 = Release|Any CPU
		{030E4CE6-601C-4DB8-AFA2-89997190D187}.Debug|Any CPU.ActiveCfg = Debug|Any CPU
		{030E4CE6-601C-4DB8-AFA2-89997190D187}.Debug|Any CPU.Build.0 = Debug|Any CPU
		{030E4CE6-601C-4DB8-AFA2-89997190D187}.Release|Any CPU.ActiveCfg = Release|Any CPU
		{030E4CE6-601C-4DB8-AFA2-89997190D187}.Release|Any CPU.Build.0 = Release|Any CPU
		{8B91D761-9A8F-4FEB-BEB2-2201156BBFD9}.Debug|Any CPU.ActiveCfg = Debug|Any CPU
		{8B91D761-9A8F-4FEB-BEB2-2201156BBFD9}.Debug|Any CPU.Build.0 = Debug|Any CPU
		{8B91D761-9A8F-4FEB-BEB2-2201156BBFD9}.Release|Any CPU.ActiveCfg = Release|Any CPU
		{8B91D761-9A8F-4FEB-BEB2-2201156BBFD9}.Release|Any CPU.Build.0 = Release|Any CPU
		{B4B5C604-D523-413B-8336-79C9CC51FD6A}.Debug|Any CPU.ActiveCfg = Debug|Any CPU
		{B4B5C604-D523-413B-8336-79C9CC51FD6A}.Debug|Any CPU.Build.0 = Debug|Any CPU
		{B4B5C604-D523-413B-8336-79C9CC51FD6A}.Release|Any CPU.ActiveCfg = Release|Any CPU
		{B4B5C604-D523-413B-8336-79C9CC51FD6A}.Release|Any CPU.Build.0 = Release|Any CPU
		{1025983F-3AE5-433A-A94F-338628D4690E}.Debug|Any CPU.ActiveCfg = Debug|Any CPU
		{1025983F-3AE5-433A-A94F-338628D4690E}.Debug|Any CPU.Build.0 = Debug|Any CPU
		{1025983F-3AE5-433A-A94F-338628D4690E}.Release|Any CPU.ActiveCfg = Release|Any CPU
		{1025983F-3AE5-433A-A94F-338628D4690E}.Release|Any CPU.Build.0 = Release|Any CPU
		{508330EE-8DA0-4BBF-9FA8-6CFBB49CAE0B}.Debug|Any CPU.ActiveCfg = Debug|Any CPU
		{508330EE-8DA0-4BBF-9FA8-6CFBB49CAE0B}.Debug|Any CPU.Build.0 = Debug|Any CPU
		{508330EE-8DA0-4BBF-9FA8-6CFBB49CAE0B}.Release|Any CPU.ActiveCfg = Release|Any CPU
		{508330EE-8DA0-4BBF-9FA8-6CFBB49CAE0B}.Release|Any CPU.Build.0 = Release|Any CPU
		{1CE4CE4C-2644-4470-9BDC-12653EEB39F5}.Debug|Any CPU.ActiveCfg = Debug|Any CPU
		{1CE4CE4C-2644-4470-9BDC-12653EEB39F5}.Debug|Any CPU.Build.0 = Debug|Any CPU
		{1CE4CE4C-2644-4470-9BDC-12653EEB39F5}.Release|Any CPU.ActiveCfg = Release|Any CPU
		{1CE4CE4C-2644-4470-9BDC-12653EEB39F5}.Release|Any CPU.Build.0 = Release|Any CPU
		{2F0C7C5C-2F5E-443B-BDF5-3023774DE0FC}.Debug|Any CPU.ActiveCfg = Debug|Any CPU
		{2F0C7C5C-2F5E-443B-BDF5-3023774DE0FC}.Debug|Any CPU.Build.0 = Debug|Any CPU
		{2F0C7C5C-2F5E-443B-BDF5-3023774DE0FC}.Release|Any CPU.ActiveCfg = Release|Any CPU
		{2F0C7C5C-2F5E-443B-BDF5-3023774DE0FC}.Release|Any CPU.Build.0 = Release|Any CPU
		{83B0E0A9-D424-413E-92E2-4F78915ED8E1}.Debug|Any CPU.ActiveCfg = Debug|Any CPU
		{83B0E0A9-D424-413E-92E2-4F78915ED8E1}.Debug|Any CPU.Build.0 = Debug|Any CPU
		{83B0E0A9-D424-413E-92E2-4F78915ED8E1}.Release|Any CPU.ActiveCfg = Release|Any CPU
		{83B0E0A9-D424-413E-92E2-4F78915ED8E1}.Release|Any CPU.Build.0 = Release|Any CPU
		{C6EAC0CE-EA63-411F-B3EB-330BE76965B6}.Debug|Any CPU.ActiveCfg = Debug|Any CPU
		{C6EAC0CE-EA63-411F-B3EB-330BE76965B6}.Debug|Any CPU.Build.0 = Debug|Any CPU
		{C6EAC0CE-EA63-411F-B3EB-330BE76965B6}.Release|Any CPU.ActiveCfg = Release|Any CPU
		{C6EAC0CE-EA63-411F-B3EB-330BE76965B6}.Release|Any CPU.Build.0 = Release|Any CPU
		{E526DD42-42A8-4316-B56F-AEA124FDD843}.Debug|Any CPU.ActiveCfg = Debug|Any CPU
		{E526DD42-42A8-4316-B56F-AEA124FDD843}.Debug|Any CPU.Build.0 = Debug|Any CPU
		{E526DD42-42A8-4316-B56F-AEA124FDD843}.Release|Any CPU.ActiveCfg = Release|Any CPU
		{E526DD42-42A8-4316-B56F-AEA124FDD843}.Release|Any CPU.Build.0 = Release|Any CPU
	EndGlobalSection
	GlobalSection(NestedProjects) = preSolution
		{4FA639AB-2AFB-4389-85C8-28D948B70C1A} = {C02CF756-D741-43F9-A7DA-DAB9793449B1}
		{086E4500-0865-4C50-A7EC-21F1C63EF8B9} = {C02CF756-D741-43F9-A7DA-DAB9793449B1}
		{3C9D3D5A-E130-4DFF-BAF3-60BFB6F071E0} = {C02CF756-D741-43F9-A7DA-DAB9793449B1}
		{7AEDB1FA-3401-4829-89FE-006868D02D93} = {C02CF756-D741-43F9-A7DA-DAB9793449B1}
		{4D7B2906-D139-4B69-9731-DDE863F47E54} = {63955A72-6909-4F0F-9B6B-A7D032198963}
		{9058C6C1-5757-45D8-9053-07DC58459A6D} = {63955A72-6909-4F0F-9B6B-A7D032198963}
		{F32049F3-552E-40A2-AA3B-A7AC353E8DB8} = {63955A72-6909-4F0F-9B6B-A7D032198963}
		{9EE05091-854A-4563-9707-23D02238EBE8} = {59DDEFD7-F0BD-4AB3-9275-110052910F4E}
		{B4645668-552C-4731-AAB7-CAD0F115AFAB} = {BE2C9820-3BA6-4775-8F54-3D084F375C19}
		{338D1C97-90D7-417E-959F-62F5319C01CC} = {BE2C9820-3BA6-4775-8F54-3D084F375C19}
		{30A07D01-22BB-40C6-8025-FCCBCECB548C} = {59DDEFD7-F0BD-4AB3-9275-110052910F4E}
		{30198DA5-526A-4B01-9942-104AF3AC8AF8} = {59DDEFD7-F0BD-4AB3-9275-110052910F4E}
		{C9119FB1-A52B-4E7A-91B8-88475437DCCF} = {BE2C9820-3BA6-4775-8F54-3D084F375C19}
		{08ED1A40-1E25-4084-8147-9C5BCBA2E01C} = {A6B72B5C-53C3-4DCB-B495-72EB8D5E4B2C}
		{0B32BC0A-D1F1-4125-8377-9A78BBA2D04A} = {A6B72B5C-53C3-4DCB-B495-72EB8D5E4B2C}
		{E04DE452-7959-4265-8E2C-841D636A8D74} = {A6B72B5C-53C3-4DCB-B495-72EB8D5E4B2C}
		{3B6A4C56-CB01-4960-9295-7A352B70724E} = {D98BEB07-B804-43DA-9EAF-229A48F85F75}
		{60ABAA84-1C7B-460B-BDB4-232A56F55769} = {D98BEB07-B804-43DA-9EAF-229A48F85F75}
		{05490C80-F54C-4170-8986-0C169908D4E2} = {D98BEB07-B804-43DA-9EAF-229A48F85F75}
		{14F7D265-6612-4AD5-A1D9-0BD630697EA1} = {A4987B2D-9BF8-4BB7-A792-1D03D9AF45FE}
		{9126540C-FE0D-40EF-8AC6-28F07DFE1EC7} = {A4987B2D-9BF8-4BB7-A792-1D03D9AF45FE}
		{122C1F0F-3946-47AB-9123-A44DCB0B9F29} = {A4987B2D-9BF8-4BB7-A792-1D03D9AF45FE}
		{0DCD3FCB-0AC1-49D8-80AB-9EB3E45B612C} = {224CB551-F908-4484-A70D-5EF1E4274524}
		{E6DC79DA-C42F-47CA-8010-A00DF17F448A} = {224CB551-F908-4484-A70D-5EF1E4274524}
		{030E4CE6-601C-4DB8-AFA2-89997190D187} = {224CB551-F908-4484-A70D-5EF1E4274524}
		{8B91D761-9A8F-4FEB-BEB2-2201156BBFD9} = {215F5121-C867-485D-B452-418B29D768C7}
		{B4B5C604-D523-413B-8336-79C9CC51FD6A} = {215F5121-C867-485D-B452-418B29D768C7}
		{1025983F-3AE5-433A-A94F-338628D4690E} = {215F5121-C867-485D-B452-418B29D768C7}
		{508330EE-8DA0-4BBF-9FA8-6CFBB49CAE0B} = {690DF6BF-B4A4-4FBD-9331-CFA44AADF8B4}
		{1CE4CE4C-2644-4470-9BDC-12653EEB39F5} = {690DF6BF-B4A4-4FBD-9331-CFA44AADF8B4}
		{2F0C7C5C-2F5E-443B-BDF5-3023774DE0FC} = {690DF6BF-B4A4-4FBD-9331-CFA44AADF8B4}
		{83B0E0A9-D424-413E-92E2-4F78915ED8E1} = {BD049A2C-7FEC-4977-B5FF-231C5F6F7B3D}
		{C6EAC0CE-EA63-411F-B3EB-330BE76965B6} = {BD049A2C-7FEC-4977-B5FF-231C5F6F7B3D}
		{E526DD42-42A8-4316-B56F-AEA124FDD843} = {BD049A2C-7FEC-4977-B5FF-231C5F6F7B3D}
	EndGlobalSection
EndGlobal
